// !$*UTF8*$!
{
	archiveVersion = 1;
	classes = {
	};
	objectVersion = 51;
	objects = {

/* Begin PBXBuildFile section */
		023E772C2886A0B438C07F3C /* Pods_loginWithFirebase_loginWithFirebaseUITests.framework in Frameworks */ = {isa = PBXBuildFile; fileRef = FD59B3A731C20C9ED77F8732 /* Pods_loginWithFirebase_loginWithFirebaseUITests.framework */; };
		686C2FDE07AD6342A068F720 /* Pods_loginWithFirebase.framework in Frameworks */ = {isa = PBXBuildFile; fileRef = DFF6F9E73C6967F144F4CC10 /* Pods_loginWithFirebase.framework */; };
		85D90A3BE22A172FC2E85EC4 /* Pods_loginWithFirebaseTests.framework in Frameworks */ = {isa = PBXBuildFile; fileRef = 4A8314FFC94630FFFD9B887A /* Pods_loginWithFirebaseTests.framework */; };
		AB4571B0259B86F10079E9D6 /* AppDelegate.swift in Sources */ = {isa = PBXBuildFile; fileRef = AB4571AF259B86F10079E9D6 /* AppDelegate.swift */; };
		AB4571B2259B86F10079E9D6 /* SceneDelegate.swift in Sources */ = {isa = PBXBuildFile; fileRef = AB4571B1259B86F10079E9D6 /* SceneDelegate.swift */; };
		AB4571B4259B86F10079E9D6 /* AuthenticationVC.swift in Sources */ = {isa = PBXBuildFile; fileRef = AB4571B3259B86F10079E9D6 /* AuthenticationVC.swift */; };
		AB4571B7259B86F10079E9D6 /* Main.storyboard in Resources */ = {isa = PBXBuildFile; fileRef = AB4571B5259B86F10079E9D6 /* Main.storyboard */; };
		AB4571B9259B86F60079E9D6 /* Assets.xcassets in Resources */ = {isa = PBXBuildFile; fileRef = AB4571B8259B86F60079E9D6 /* Assets.xcassets */; };
		AB4571BC259B86F60079E9D6 /* LaunchScreen.storyboard in Resources */ = {isa = PBXBuildFile; fileRef = AB4571BA259B86F60079E9D6 /* LaunchScreen.storyboard */; };
		AB4571C7259B86F70079E9D6 /* loginWithFirebaseTests.swift in Sources */ = {isa = PBXBuildFile; fileRef = AB4571C6259B86F70079E9D6 /* loginWithFirebaseTests.swift */; };
		AB4571D2259B86F70079E9D6 /* loginWithFirebaseUITests.swift in Sources */ = {isa = PBXBuildFile; fileRef = AB4571D1259B86F70079E9D6 /* loginWithFirebaseUITests.swift */; };
		AB4571E3259B9E760079E9D6 /* signUpVC.swift in Sources */ = {isa = PBXBuildFile; fileRef = AB4571E2259B9E760079E9D6 /* signUpVC.swift */; };
		AB4571E5259B9EA10079E9D6 /* homeVC.swift in Sources */ = {isa = PBXBuildFile; fileRef = AB4571E4259B9EA10079E9D6 /* homeVC.swift */; };
		AB4A7FC325A37E1900EAFA86 /* GoogleService-Info.plist in Resources */ = {isa = PBXBuildFile; fileRef = AB4A7FC225A37E1900EAFA86 /* GoogleService-Info.plist */; };
		AB591AEF25A87FA8008374DE /* Utilities.swift in Sources */ = {isa = PBXBuildFile; fileRef = AB591AEE25A87FA8008374DE /* Utilities.swift */; };
/* End PBXBuildFile section */

/* Begin PBXContainerItemProxy section */
		AB4571C3259B86F70079E9D6 /* PBXContainerItemProxy */ = {
			isa = PBXContainerItemProxy;
			containerPortal = AB4571A4259B86F10079E9D6 /* Project object */;
			proxyType = 1;
			remoteGlobalIDString = AB4571AB259B86F10079E9D6;
			remoteInfo = loginWithFirebase;
		};
		AB4571CE259B86F70079E9D6 /* PBXContainerItemProxy */ = {
			isa = PBXContainerItemProxy;
			containerPortal = AB4571A4259B86F10079E9D6 /* Project object */;
			proxyType = 1;
			remoteGlobalIDString = AB4571AB259B86F10079E9D6;
			remoteInfo = loginWithFirebase;
		};
/* End PBXContainerItemProxy section */

/* Begin PBXFileReference section */
		253A1E47A07791D8EFBACF58 /* Pods-loginWithFirebaseTests.release.xcconfig */ = {isa = PBXFileReference; includeInIndex = 1; lastKnownFileType = text.xcconfig; name = "Pods-loginWithFirebaseTests.release.xcconfig"; path = "Target Support Files/Pods-loginWithFirebaseTests/Pods-loginWithFirebaseTests.release.xcconfig"; sourceTree = "<group>"; };
		332CB744B7E244BABB1A8F5A /* Pods-loginWithFirebaseTests.debug.xcconfig */ = {isa = PBXFileReference; includeInIndex = 1; lastKnownFileType = text.xcconfig; name = "Pods-loginWithFirebaseTests.debug.xcconfig"; path = "Target Support Files/Pods-loginWithFirebaseTests/Pods-loginWithFirebaseTests.debug.xcconfig"; sourceTree = "<group>"; };
		344B1A75F4E553CF549BF795 /* Pods-loginWithFirebase-loginWithFirebaseUITests.debug.xcconfig */ = {isa = PBXFileReference; includeInIndex = 1; lastKnownFileType = text.xcconfig; name = "Pods-loginWithFirebase-loginWithFirebaseUITests.debug.xcconfig"; path = "Target Support Files/Pods-loginWithFirebase-loginWithFirebaseUITests/Pods-loginWithFirebase-loginWithFirebaseUITests.debug.xcconfig"; sourceTree = "<group>"; };
		4A8314FFC94630FFFD9B887A /* Pods_loginWithFirebaseTests.framework */ = {isa = PBXFileReference; explicitFileType = wrapper.framework; includeInIndex = 0; path = Pods_loginWithFirebaseTests.framework; sourceTree = BUILT_PRODUCTS_DIR; };
		5475FDC280AEA650B122299D /* Pods-loginWithFirebase.release.xcconfig */ = {isa = PBXFileReference; includeInIndex = 1; lastKnownFileType = text.xcconfig; name = "Pods-loginWithFirebase.release.xcconfig"; path = "Target Support Files/Pods-loginWithFirebase/Pods-loginWithFirebase.release.xcconfig"; sourceTree = "<group>"; };
		AB4571AC259B86F10079E9D6 /* loginWithFirebase.app */ = {isa = PBXFileReference; explicitFileType = wrapper.application; includeInIndex = 0; path = loginWithFirebase.app; sourceTree = BUILT_PRODUCTS_DIR; };
		AB4571AF259B86F10079E9D6 /* AppDelegate.swift */ = {isa = PBXFileReference; lastKnownFileType = sourcecode.swift; path = AppDelegate.swift; sourceTree = "<group>"; };
		AB4571B1259B86F10079E9D6 /* SceneDelegate.swift */ = {isa = PBXFileReference; lastKnownFileType = sourcecode.swift; path = SceneDelegate.swift; sourceTree = "<group>"; };
		AB4571B3259B86F10079E9D6 /* AuthenticationVC.swift */ = {isa = PBXFileReference; lastKnownFileType = sourcecode.swift; path = AuthenticationVC.swift; sourceTree = "<group>"; };
		AB4571B6259B86F10079E9D6 /* Base */ = {isa = PBXFileReference; lastKnownFileType = file.storyboard; name = Base; path = Base.lproj/Main.storyboard; sourceTree = "<group>"; };
		AB4571B8259B86F60079E9D6 /* Assets.xcassets */ = {isa = PBXFileReference; lastKnownFileType = folder.assetcatalog; path = Assets.xcassets; sourceTree = "<group>"; };
		AB4571BB259B86F60079E9D6 /* Base */ = {isa = PBXFileReference; lastKnownFileType = file.storyboard; name = Base; path = Base.lproj/LaunchScreen.storyboard; sourceTree = "<group>"; };
		AB4571BD259B86F60079E9D6 /* Info.plist */ = {isa = PBXFileReference; lastKnownFileType = text.plist.xml; path = Info.plist; sourceTree = "<group>"; };
		AB4571C2259B86F70079E9D6 /* loginWithFirebaseTests.xctest */ = {isa = PBXFileReference; explicitFileType = wrapper.cfbundle; includeInIndex = 0; path = loginWithFirebaseTests.xctest; sourceTree = BUILT_PRODUCTS_DIR; };
		AB4571C6259B86F70079E9D6 /* loginWithFirebaseTests.swift */ = {isa = PBXFileReference; lastKnownFileType = sourcecode.swift; path = loginWithFirebaseTests.swift; sourceTree = "<group>"; };
		AB4571C8259B86F70079E9D6 /* Info.plist */ = {isa = PBXFileReference; lastKnownFileType = text.plist.xml; path = Info.plist; sourceTree = "<group>"; };
		AB4571CD259B86F70079E9D6 /* loginWithFirebaseUITests.xctest */ = {isa = PBXFileReference; explicitFileType = wrapper.cfbundle; includeInIndex = 0; path = loginWithFirebaseUITests.xctest; sourceTree = BUILT_PRODUCTS_DIR; };
		AB4571D1259B86F70079E9D6 /* loginWithFirebaseUITests.swift */ = {isa = PBXFileReference; lastKnownFileType = sourcecode.swift; path = loginWithFirebaseUITests.swift; sourceTree = "<group>"; };
		AB4571D3259B86F70079E9D6 /* Info.plist */ = {isa = PBXFileReference; lastKnownFileType = text.plist.xml; path = Info.plist; sourceTree = "<group>"; };
		AB4571E2259B9E760079E9D6 /* signUpVC.swift */ = {isa = PBXFileReference; lastKnownFileType = sourcecode.swift; path = signUpVC.swift; sourceTree = "<group>"; };
		AB4571E4259B9EA10079E9D6 /* homeVC.swift */ = {isa = PBXFileReference; lastKnownFileType = sourcecode.swift; path = homeVC.swift; sourceTree = "<group>"; };
		AB4A7FC225A37E1900EAFA86 /* GoogleService-Info.plist */ = {isa = PBXFileReference; fileEncoding = 4; lastKnownFileType = text.plist.xml; path = "GoogleService-Info.plist"; sourceTree = "<group>"; };
		AB591AEE25A87FA8008374DE /* Utilities.swift */ = {isa = PBXFileReference; lastKnownFileType = sourcecode.swift; path = Utilities.swift; sourceTree = "<group>"; };
		C67B91F904B0793013102487 /* Pods-loginWithFirebase-loginWithFirebaseUITests.release.xcconfig */ = {isa = PBXFileReference; includeInIndex = 1; lastKnownFileType = text.xcconfig; name = "Pods-loginWithFirebase-loginWithFirebaseUITests.release.xcconfig"; path = "Target Support Files/Pods-loginWithFirebase-loginWithFirebaseUITests/Pods-loginWithFirebase-loginWithFirebaseUITests.release.xcconfig"; sourceTree = "<group>"; };
		DFF6F9E73C6967F144F4CC10 /* Pods_loginWithFirebase.framework */ = {isa = PBXFileReference; explicitFileType = wrapper.framework; includeInIndex = 0; path = Pods_loginWithFirebase.framework; sourceTree = BUILT_PRODUCTS_DIR; };
		F251EF1822A4B35D83966BE3 /* Pods-loginWithFirebase.debug.xcconfig */ = {isa = PBXFileReference; includeInIndex = 1; lastKnownFileType = text.xcconfig; name = "Pods-loginWithFirebase.debug.xcconfig"; path = "Target Support Files/Pods-loginWithFirebase/Pods-loginWithFirebase.debug.xcconfig"; sourceTree = "<group>"; };
		FD59B3A731C20C9ED77F8732 /* Pods_loginWithFirebase_loginWithFirebaseUITests.framework */ = {isa = PBXFileReference; explicitFileType = wrapper.framework; includeInIndex = 0; path = Pods_loginWithFirebase_loginWithFirebaseUITests.framework; sourceTree = BUILT_PRODUCTS_DIR; };
/* End PBXFileReference section */

/* Begin PBXFrameworksBuildPhase section */
		AB4571A9259B86F10079E9D6 /* Frameworks */ = {
			isa = PBXFrameworksBuildPhase;
			buildActionMask = 2147483647;
			files = (
				686C2FDE07AD6342A068F720 /* Pods_loginWithFirebase.framework in Frameworks */,
			);
			runOnlyForDeploymentPostprocessing = 0;
		};
		AB4571BF259B86F70079E9D6 /* Frameworks */ = {
			isa = PBXFrameworksBuildPhase;
			buildActionMask = 2147483647;
			files = (
				85D90A3BE22A172FC2E85EC4 /* Pods_loginWithFirebaseTests.framework in Frameworks */,
			);
			runOnlyForDeploymentPostprocessing = 0;
		};
		AB4571CA259B86F70079E9D6 /* Frameworks */ = {
			isa = PBXFrameworksBuildPhase;
			buildActionMask = 2147483647;
			files = (
				023E772C2886A0B438C07F3C /* Pods_loginWithFirebase_loginWithFirebaseUITests.framework in Frameworks */,
			);
			runOnlyForDeploymentPostprocessing = 0;
		};
/* End PBXFrameworksBuildPhase section */

/* Begin PBXGroup section */
		4103D64342C8295A061F9161 /* Frameworks */ = {
			isa = PBXGroup;
			children = (
				DFF6F9E73C6967F144F4CC10 /* Pods_loginWithFirebase.framework */,
				FD59B3A731C20C9ED77F8732 /* Pods_loginWithFirebase_loginWithFirebaseUITests.framework */,
				4A8314FFC94630FFFD9B887A /* Pods_loginWithFirebaseTests.framework */,
			);
			name = Frameworks;
			sourceTree = "<group>";
		};
		7B4C21DA5E5153B962D484B7 /* Pods */ = {
			isa = PBXGroup;
			children = (
				F251EF1822A4B35D83966BE3 /* Pods-loginWithFirebase.debug.xcconfig */,
				5475FDC280AEA650B122299D /* Pods-loginWithFirebase.release.xcconfig */,
				344B1A75F4E553CF549BF795 /* Pods-loginWithFirebase-loginWithFirebaseUITests.debug.xcconfig */,
				C67B91F904B0793013102487 /* Pods-loginWithFirebase-loginWithFirebaseUITests.release.xcconfig */,
				332CB744B7E244BABB1A8F5A /* Pods-loginWithFirebaseTests.debug.xcconfig */,
				253A1E47A07791D8EFBACF58 /* Pods-loginWithFirebaseTests.release.xcconfig */,
			);
			path = Pods;
			sourceTree = "<group>";
		};
		AB4571A3259B86F10079E9D6 = {
			isa = PBXGroup;
			children = (
				AB4571AE259B86F10079E9D6 /* loginWithFirebase */,
				AB4571C5259B86F70079E9D6 /* loginWithFirebaseTests */,
				AB4571D0259B86F70079E9D6 /* loginWithFirebaseUITests */,
				AB4571AD259B86F10079E9D6 /* Products */,
				7B4C21DA5E5153B962D484B7 /* Pods */,
				4103D64342C8295A061F9161 /* Frameworks */,
			);
			sourceTree = "<group>";
		};
		AB4571AD259B86F10079E9D6 /* Products */ = {
			isa = PBXGroup;
			children = (
				AB4571AC259B86F10079E9D6 /* loginWithFirebase.app */,
				AB4571C2259B86F70079E9D6 /* loginWithFirebaseTests.xctest */,
				AB4571CD259B86F70079E9D6 /* loginWithFirebaseUITests.xctest */,
			);
			name = Products;
			sourceTree = "<group>";
		};
		AB4571AE259B86F10079E9D6 /* loginWithFirebase */ = {
			isa = PBXGroup;
			children = (
				AB4571AF259B86F10079E9D6 /* AppDelegate.swift */,
				AB4571B1259B86F10079E9D6 /* SceneDelegate.swift */,
				AB4571E0259B9B560079E9D6 /* View Controllers */,
				AB4571E1259B9B6B0079E9D6 /* Helpers */,
				AB4571B5259B86F10079E9D6 /* Main.storyboard */,
				AB4571B8259B86F60079E9D6 /* Assets.xcassets */,
				AB4571BA259B86F60079E9D6 /* LaunchScreen.storyboard */,
				AB4571BD259B86F60079E9D6 /* Info.plist */,
				AB4A7FC225A37E1900EAFA86 /* GoogleService-Info.plist */,
			);
			path = loginWithFirebase;
			sourceTree = "<group>";
		};
		AB4571C5259B86F70079E9D6 /* loginWithFirebaseTests */ = {
			isa = PBXGroup;
			children = (
				AB4571C6259B86F70079E9D6 /* loginWithFirebaseTests.swift */,
				AB4571C8259B86F70079E9D6 /* Info.plist */,
			);
			path = loginWithFirebaseTests;
			sourceTree = "<group>";
		};
		AB4571D0259B86F70079E9D6 /* loginWithFirebaseUITests */ = {
			isa = PBXGroup;
			children = (
				AB4571D1259B86F70079E9D6 /* loginWithFirebaseUITests.swift */,
				AB4571D3259B86F70079E9D6 /* Info.plist */,
			);
			path = loginWithFirebaseUITests;
			sourceTree = "<group>";
		};
		AB4571E0259B9B560079E9D6 /* View Controllers */ = {
			isa = PBXGroup;
			children = (
				AB4571B3259B86F10079E9D6 /* AuthenticationVC.swift */,
				AB4571E2259B9E760079E9D6 /* signUpVC.swift */,
				AB4571E4259B9EA10079E9D6 /* homeVC.swift */,
			);
			path = "View Controllers";
			sourceTree = "<group>";
		};
		AB4571E1259B9B6B0079E9D6 /* Helpers */ = {
			isa = PBXGroup;
			children = (
				AB591AEE25A87FA8008374DE /* Utilities.swift */,
			);
			path = Helpers;
			sourceTree = "<group>";
		};
/* End PBXGroup section */

/* Begin PBXNativeTarget section */
		AB4571AB259B86F10079E9D6 /* loginWithFirebase */ = {
			isa = PBXNativeTarget;
			buildConfigurationList = AB4571D6259B86F70079E9D6 /* Build configuration list for PBXNativeTarget "loginWithFirebase" */;
			buildPhases = (
				448BED3B695BED0B99822C1D /* [CP] Check Pods Manifest.lock */,
				AB4571A8259B86F10079E9D6 /* Sources */,
				AB4571A9259B86F10079E9D6 /* Frameworks */,
				AB4571AA259B86F10079E9D6 /* Resources */,
				2DC89403EECEB785BB4DFA0A /* [CP] Embed Pods Frameworks */,
			);
			buildRules = (
			);
			dependencies = (
			);
			name = loginWithFirebase;
			productName = loginWithFirebase;
			productReference = AB4571AC259B86F10079E9D6 /* loginWithFirebase.app */;
			productType = "com.apple.product-type.application";
		};
		AB4571C1259B86F70079E9D6 /* loginWithFirebaseTests */ = {
			isa = PBXNativeTarget;
			buildConfigurationList = AB4571D9259B86F70079E9D6 /* Build configuration list for PBXNativeTarget "loginWithFirebaseTests" */;
			buildPhases = (
				052107929DD8092A3FA21C7E /* [CP] Check Pods Manifest.lock */,
				AB4571BE259B86F70079E9D6 /* Sources */,
				AB4571BF259B86F70079E9D6 /* Frameworks */,
				AB4571C0259B86F70079E9D6 /* Resources */,
			);
			buildRules = (
			);
			dependencies = (
				AB4571C4259B86F70079E9D6 /* PBXTargetDependency */,
			);
			name = loginWithFirebaseTests;
			productName = loginWithFirebaseTests;
			productReference = AB4571C2259B86F70079E9D6 /* loginWithFirebaseTests.xctest */;
			productType = "com.apple.product-type.bundle.unit-test";
		};
		AB4571CC259B86F70079E9D6 /* loginWithFirebaseUITests */ = {
			isa = PBXNativeTarget;
			buildConfigurationList = AB4571DC259B86F70079E9D6 /* Build configuration list for PBXNativeTarget "loginWithFirebaseUITests" */;
			buildPhases = (
				58970994A7329FF2775A9DC9 /* [CP] Check Pods Manifest.lock */,
				AB4571C9259B86F70079E9D6 /* Sources */,
				AB4571CA259B86F70079E9D6 /* Frameworks */,
				AB4571CB259B86F70079E9D6 /* Resources */,
				44A079A71EB2831C66432738 /* [CP] Embed Pods Frameworks */,
			);
			buildRules = (
			);
			dependencies = (
				AB4571CF259B86F70079E9D6 /* PBXTargetDependency */,
			);
			name = loginWithFirebaseUITests;
			productName = loginWithFirebaseUITests;
			productReference = AB4571CD259B86F70079E9D6 /* loginWithFirebaseUITests.xctest */;
			productType = "com.apple.product-type.bundle.ui-testing";
		};
/* End PBXNativeTarget section */

/* Begin PBXProject section */
		AB4571A4259B86F10079E9D6 /* Project object */ = {
			isa = PBXProject;
			attributes = {
				LastSwiftUpdateCheck = 1130;
				LastUpgradeCheck = 1130;
				ORGANIZATIONNAME = "Daniel Escandell González";
				TargetAttributes = {
					AB4571AB259B86F10079E9D6 = {
						CreatedOnToolsVersion = 11.3.1;
					};
					AB4571C1259B86F70079E9D6 = {
						CreatedOnToolsVersion = 11.3.1;
						TestTargetID = AB4571AB259B86F10079E9D6;
					};
					AB4571CC259B86F70079E9D6 = {
						CreatedOnToolsVersion = 11.3.1;
						TestTargetID = AB4571AB259B86F10079E9D6;
					};
				};
			};
			buildConfigurationList = AB4571A7259B86F10079E9D6 /* Build configuration list for PBXProject "loginWithFirebase" */;
			compatibilityVersion = "Xcode 9.3";
			developmentRegion = en;
			hasScannedForEncodings = 0;
			knownRegions = (
				en,
				Base,
			);
			mainGroup = AB4571A3259B86F10079E9D6;
			productRefGroup = AB4571AD259B86F10079E9D6 /* Products */;
			projectDirPath = "";
			projectRoot = "";
			targets = (
				AB4571AB259B86F10079E9D6 /* loginWithFirebase */,
				AB4571C1259B86F70079E9D6 /* loginWithFirebaseTests */,
				AB4571CC259B86F70079E9D6 /* loginWithFirebaseUITests */,
			);
		};
/* End PBXProject section */

/* Begin PBXResourcesBuildPhase section */
		AB4571AA259B86F10079E9D6 /* Resources */ = {
			isa = PBXResourcesBuildPhase;
			buildActionMask = 2147483647;
			files = (
				AB4571BC259B86F60079E9D6 /* LaunchScreen.storyboard in Resources */,
				AB4A7FC325A37E1900EAFA86 /* GoogleService-Info.plist in Resources */,
				AB4571B9259B86F60079E9D6 /* Assets.xcassets in Resources */,
				AB4571B7259B86F10079E9D6 /* Main.storyboard in Resources */,
			);
			runOnlyForDeploymentPostprocessing = 0;
		};
		AB4571C0259B86F70079E9D6 /* Resources */ = {
			isa = PBXResourcesBuildPhase;
			buildActionMask = 2147483647;
			files = (
			);
			runOnlyForDeploymentPostprocessing = 0;
		};
		AB4571CB259B86F70079E9D6 /* Resources */ = {
			isa = PBXResourcesBuildPhase;
			buildActionMask = 2147483647;
			files = (
			);
			runOnlyForDeploymentPostprocessing = 0;
		};
/* End PBXResourcesBuildPhase section */

/* Begin PBXShellScriptBuildPhase section */
		052107929DD8092A3FA21C7E /* [CP] Check Pods Manifest.lock */ = {
			isa = PBXShellScriptBuildPhase;
			buildActionMask = 2147483647;
			files = (
			);
			inputFileListPaths = (
			);
			inputPaths = (
				"${PODS_PODFILE_DIR_PATH}/Podfile.lock",
				"${PODS_ROOT}/Manifest.lock",
			);
			name = "[CP] Check Pods Manifest.lock";
			outputFileListPaths = (
			);
			outputPaths = (
				"$(DERIVED_FILE_DIR)/Pods-loginWithFirebaseTests-checkManifestLockResult.txt",
			);
			runOnlyForDeploymentPostprocessing = 0;
			shellPath = /bin/sh;
			shellScript = "diff \"${PODS_PODFILE_DIR_PATH}/Podfile.lock\" \"${PODS_ROOT}/Manifest.lock\" > /dev/null\nif [ $? != 0 ] ; then\n    # print error to STDERR\n    echo \"error: The sandbox is not in sync with the Podfile.lock. Run 'pod install' or update your CocoaPods installation.\" >&2\n    exit 1\nfi\n# This output is used by Xcode 'outputs' to avoid re-running this script phase.\necho \"SUCCESS\" > \"${SCRIPT_OUTPUT_FILE_0}\"\n";
			showEnvVarsInLog = 0;
		};
		2DC89403EECEB785BB4DFA0A /* [CP] Embed Pods Frameworks */ = {
			isa = PBXShellScriptBuildPhase;
			buildActionMask = 2147483647;
			files = (
			);
			inputFileListPaths = (
				"${PODS_ROOT}/Target Support Files/Pods-loginWithFirebase/Pods-loginWithFirebase-frameworks-${CONFIGURATION}-input-files.xcfilelist",
			);
			name = "[CP] Embed Pods Frameworks";
			outputFileListPaths = (
				"${PODS_ROOT}/Target Support Files/Pods-loginWithFirebase/Pods-loginWithFirebase-frameworks-${CONFIGURATION}-output-files.xcfilelist",
			);
			runOnlyForDeploymentPostprocessing = 0;
			shellPath = /bin/sh;
			shellScript = "\"${PODS_ROOT}/Target Support Files/Pods-loginWithFirebase/Pods-loginWithFirebase-frameworks.sh\"\n";
			showEnvVarsInLog = 0;
		};
		448BED3B695BED0B99822C1D /* [CP] Check Pods Manifest.lock */ = {
			isa = PBXShellScriptBuildPhase;
			buildActionMask = 2147483647;
			files = (
			);
			inputFileListPaths = (
			);
			inputPaths = (
				"${PODS_PODFILE_DIR_PATH}/Podfile.lock",
				"${PODS_ROOT}/Manifest.lock",
			);
			name = "[CP] Check Pods Manifest.lock";
			outputFileListPaths = (
			);
			outputPaths = (
				"$(DERIVED_FILE_DIR)/Pods-loginWithFirebase-checkManifestLockResult.txt",
			);
			runOnlyForDeploymentPostprocessing = 0;
			shellPath = /bin/sh;
			shellScript = "diff \"${PODS_PODFILE_DIR_PATH}/Podfile.lock\" \"${PODS_ROOT}/Manifest.lock\" > /dev/null\nif [ $? != 0 ] ; then\n    # print error to STDERR\n    echo \"error: The sandbox is not in sync with the Podfile.lock. Run 'pod install' or update your CocoaPods installation.\" >&2\n    exit 1\nfi\n# This output is used by Xcode 'outputs' to avoid re-running this script phase.\necho \"SUCCESS\" > \"${SCRIPT_OUTPUT_FILE_0}\"\n";
			showEnvVarsInLog = 0;
		};
		44A079A71EB2831C66432738 /* [CP] Embed Pods Frameworks */ = {
			isa = PBXShellScriptBuildPhase;
			buildActionMask = 2147483647;
			files = (
			);
			inputFileListPaths = (
				"${PODS_ROOT}/Target Support Files/Pods-loginWithFirebase-loginWithFirebaseUITests/Pods-loginWithFirebase-loginWithFirebaseUITests-frameworks-${CONFIGURATION}-input-files.xcfilelist",
			);
			name = "[CP] Embed Pods Frameworks";
			outputFileListPaths = (
				"${PODS_ROOT}/Target Support Files/Pods-loginWithFirebase-loginWithFirebaseUITests/Pods-loginWithFirebase-loginWithFirebaseUITests-frameworks-${CONFIGURATION}-output-files.xcfilelist",
			);
			runOnlyForDeploymentPostprocessing = 0;
			shellPath = /bin/sh;
			shellScript = "\"${PODS_ROOT}/Target Support Files/Pods-loginWithFirebase-loginWithFirebaseUITests/Pods-loginWithFirebase-loginWithFirebaseUITests-frameworks.sh\"\n";
			showEnvVarsInLog = 0;
		};
		58970994A7329FF2775A9DC9 /* [CP] Check Pods Manifest.lock */ = {
			isa = PBXShellScriptBuildPhase;
			buildActionMask = 2147483647;
			files = (
			);
			inputFileListPaths = (
			);
			inputPaths = (
				"${PODS_PODFILE_DIR_PATH}/Podfile.lock",
				"${PODS_ROOT}/Manifest.lock",
			);
			name = "[CP] Check Pods Manifest.lock";
			outputFileListPaths = (
			);
			outputPaths = (
				"$(DERIVED_FILE_DIR)/Pods-loginWithFirebase-loginWithFirebaseUITests-checkManifestLockResult.txt",
			);
			runOnlyForDeploymentPostprocessing = 0;
			shellPath = /bin/sh;
			shellScript = "diff \"${PODS_PODFILE_DIR_PATH}/Podfile.lock\" \"${PODS_ROOT}/Manifest.lock\" > /dev/null\nif [ $? != 0 ] ; then\n    # print error to STDERR\n    echo \"error: The sandbox is not in sync with the Podfile.lock. Run 'pod install' or update your CocoaPods installation.\" >&2\n    exit 1\nfi\n# This output is used by Xcode 'outputs' to avoid re-running this script phase.\necho \"SUCCESS\" > \"${SCRIPT_OUTPUT_FILE_0}\"\n";
			showEnvVarsInLog = 0;
		};
/* End PBXShellScriptBuildPhase section */

/* Begin PBXSourcesBuildPhase section */
		AB4571A8259B86F10079E9D6 /* Sources */ = {
			isa = PBXSourcesBuildPhase;
			buildActionMask = 2147483647;
			files = (
				AB4571B4259B86F10079E9D6 /* AuthenticationVC.swift in Sources */,
				AB4571E3259B9E760079E9D6 /* signUpVC.swift in Sources */,
				AB591AEF25A87FA8008374DE /* Utilities.swift in Sources */,
				AB4571E5259B9EA10079E9D6 /* homeVC.swift in Sources */,
				AB4571B0259B86F10079E9D6 /* AppDelegate.swift in Sources */,
				AB4571B2259B86F10079E9D6 /* SceneDelegate.swift in Sources */,
			);
			runOnlyForDeploymentPostprocessing = 0;
		};
		AB4571BE259B86F70079E9D6 /* Sources */ = {
			isa = PBXSourcesBuildPhase;
			buildActionMask = 2147483647;
			files = (
				AB4571C7259B86F70079E9D6 /* loginWithFirebaseTests.swift in Sources */,
			);
			runOnlyForDeploymentPostprocessing = 0;
		};
		AB4571C9259B86F70079E9D6 /* Sources */ = {
			isa = PBXSourcesBuildPhase;
			buildActionMask = 2147483647;
			files = (
				AB4571D2259B86F70079E9D6 /* loginWithFirebaseUITests.swift in Sources */,
			);
			runOnlyForDeploymentPostprocessing = 0;
		};
/* End PBXSourcesBuildPhase section */

/* Begin PBXTargetDependency section */
		AB4571C4259B86F70079E9D6 /* PBXTargetDependency */ = {
			isa = PBXTargetDependency;
			target = AB4571AB259B86F10079E9D6 /* loginWithFirebase */;
			targetProxy = AB4571C3259B86F70079E9D6 /* PBXContainerItemProxy */;
		};
		AB4571CF259B86F70079E9D6 /* PBXTargetDependency */ = {
			isa = PBXTargetDependency;
			target = AB4571AB259B86F10079E9D6 /* loginWithFirebase */;
			targetProxy = AB4571CE259B86F70079E9D6 /* PBXContainerItemProxy */;
		};
/* End PBXTargetDependency section */

/* Begin PBXVariantGroup section */
		AB4571B5259B86F10079E9D6 /* Main.storyboard */ = {
			isa = PBXVariantGroup;
			children = (
				AB4571B6259B86F10079E9D6 /* Base */,
			);
			name = Main.storyboard;
			sourceTree = "<group>";
		};
		AB4571BA259B86F60079E9D6 /* LaunchScreen.storyboard */ = {
			isa = PBXVariantGroup;
			children = (
				AB4571BB259B86F60079E9D6 /* Base */,
			);
			name = LaunchScreen.storyboard;
			sourceTree = "<group>";
		};
/* End PBXVariantGroup section */

/* Begin XCBuildConfiguration section */
		AB4571D4259B86F70079E9D6 /* Debug */ = {
			isa = XCBuildConfiguration;
			buildSettings = {
				ALWAYS_SEARCH_USER_PATHS = NO;
				CLANG_ANALYZER_NONNULL = YES;
				CLANG_ANALYZER_NUMBER_OBJECT_CONVERSION = YES_AGGRESSIVE;
				CLANG_CXX_LANGUAGE_STANDARD = "gnu++14";
				CLANG_CXX_LIBRARY = "libc++";
				CLANG_ENABLE_MODULES = YES;
				CLANG_ENABLE_OBJC_ARC = YES;
				CLANG_ENABLE_OBJC_WEAK = YES;
				CLANG_WARN_BLOCK_CAPTURE_AUTORELEASING = YES;
				CLANG_WARN_BOOL_CONVERSION = YES;
				CLANG_WARN_COMMA = YES;
				CLANG_WARN_CONSTANT_CONVERSION = YES;
				CLANG_WARN_DEPRECATED_OBJC_IMPLEMENTATIONS = YES;
				CLANG_WARN_DIRECT_OBJC_ISA_USAGE = YES_ERROR;
				CLANG_WARN_DOCUMENTATION_COMMENTS = YES;
				CLANG_WARN_EMPTY_BODY = YES;
				CLANG_WARN_ENUM_CONVERSION = YES;
				CLANG_WARN_INFINITE_RECURSION = YES;
				CLANG_WARN_INT_CONVERSION = YES;
				CLANG_WARN_NON_LITERAL_NULL_CONVERSION = YES;
				CLANG_WARN_OBJC_IMPLICIT_RETAIN_SELF = YES;
				CLANG_WARN_OBJC_LITERAL_CONVERSION = YES;
				CLANG_WARN_OBJC_ROOT_CLASS = YES_ERROR;
				CLANG_WARN_RANGE_LOOP_ANALYSIS = YES;
				CLANG_WARN_STRICT_PROTOTYPES = YES;
				CLANG_WARN_SUSPICIOUS_MOVE = YES;
				CLANG_WARN_UNGUARDED_AVAILABILITY = YES_AGGRESSIVE;
				CLANG_WARN_UNREACHABLE_CODE = YES;
				CLANG_WARN__DUPLICATE_METHOD_MATCH = YES;
				COPY_PHASE_STRIP = NO;
				DEBUG_INFORMATION_FORMAT = dwarf;
				ENABLE_STRICT_OBJC_MSGSEND = YES;
				ENABLE_TESTABILITY = YES;
				GCC_C_LANGUAGE_STANDARD = gnu11;
				GCC_DYNAMIC_NO_PIC = NO;
				GCC_NO_COMMON_BLOCKS = YES;
				GCC_OPTIMIZATION_LEVEL = 0;
				GCC_PREPROCESSOR_DEFINITIONS = (
					"DEBUG=1",
					"$(inherited)",
				);
				GCC_WARN_64_TO_32_BIT_CONVERSION = YES;
				GCC_WARN_ABOUT_RETURN_TYPE = YES_ERROR;
				GCC_WARN_UNDECLARED_SELECTOR = YES;
				GCC_WARN_UNINITIALIZED_AUTOS = YES_AGGRESSIVE;
				GCC_WARN_UNUSED_FUNCTION = YES;
				GCC_WARN_UNUSED_VARIABLE = YES;
				IPHONEOS_DEPLOYMENT_TARGET = 13.2;
				MTL_ENABLE_DEBUG_INFO = INCLUDE_SOURCE;
				MTL_FAST_MATH = YES;
				ONLY_ACTIVE_ARCH = YES;
				SDKROOT = iphoneos;
				SWIFT_ACTIVE_COMPILATION_CONDITIONS = DEBUG;
				SWIFT_OPTIMIZATION_LEVEL = "-Onone";
			};
			name = Debug;
		};
		AB4571D5259B86F70079E9D6 /* Release */ = {
			isa = XCBuildConfiguration;
			buildSettings = {
				ALWAYS_SEARCH_USER_PATHS = NO;
				CLANG_ANALYZER_NONNULL = YES;
				CLANG_ANALYZER_NUMBER_OBJECT_CONVERSION = YES_AGGRESSIVE;
				CLANG_CXX_LANGUAGE_STANDARD = "gnu++14";
				CLANG_CXX_LIBRARY = "libc++";
				CLANG_ENABLE_MODULES = YES;
				CLANG_ENABLE_OBJC_ARC = YES;
				CLANG_ENABLE_OBJC_WEAK = YES;
				CLANG_WARN_BLOCK_CAPTURE_AUTORELEASING = YES;
				CLANG_WARN_BOOL_CONVERSION = YES;
				CLANG_WARN_COMMA = YES;
				CLANG_WARN_CONSTANT_CONVERSION = YES;
				CLANG_WARN_DEPRECATED_OBJC_IMPLEMENTATIONS = YES;
				CLANG_WARN_DIRECT_OBJC_ISA_USAGE = YES_ERROR;
				CLANG_WARN_DOCUMENTATION_COMMENTS = YES;
				CLANG_WARN_EMPTY_BODY = YES;
				CLANG_WARN_ENUM_CONVERSION = YES;
				CLANG_WARN_INFINITE_RECURSION = YES;
				CLANG_WARN_INT_CONVERSION = YES;
				CLANG_WARN_NON_LITERAL_NULL_CONVERSION = YES;
				CLANG_WARN_OBJC_IMPLICIT_RETAIN_SELF = YES;
				CLANG_WARN_OBJC_LITERAL_CONVERSION = YES;
				CLANG_WARN_OBJC_ROOT_CLASS = YES_ERROR;
				CLANG_WARN_RANGE_LOOP_ANALYSIS = YES;
				CLANG_WARN_STRICT_PROTOTYPES = YES;
				CLANG_WARN_SUSPICIOUS_MOVE = YES;
				CLANG_WARN_UNGUARDED_AVAILABILITY = YES_AGGRESSIVE;
				CLANG_WARN_UNREACHABLE_CODE = YES;
				CLANG_WARN__DUPLICATE_METHOD_MATCH = YES;
				COPY_PHASE_STRIP = NO;
				DEBUG_INFORMATION_FORMAT = "dwarf-with-dsym";
				ENABLE_NS_ASSERTIONS = NO;
				ENABLE_STRICT_OBJC_MSGSEND = YES;
				GCC_C_LANGUAGE_STANDARD = gnu11;
				GCC_NO_COMMON_BLOCKS = YES;
				GCC_WARN_64_TO_32_BIT_CONVERSION = YES;
				GCC_WARN_ABOUT_RETURN_TYPE = YES_ERROR;
				GCC_WARN_UNDECLARED_SELECTOR = YES;
				GCC_WARN_UNINITIALIZED_AUTOS = YES_AGGRESSIVE;
				GCC_WARN_UNUSED_FUNCTION = YES;
				GCC_WARN_UNUSED_VARIABLE = YES;
				IPHONEOS_DEPLOYMENT_TARGET = 13.2;
				MTL_ENABLE_DEBUG_INFO = NO;
				MTL_FAST_MATH = YES;
				SDKROOT = iphoneos;
				SWIFT_COMPILATION_MODE = wholemodule;
				SWIFT_OPTIMIZATION_LEVEL = "-O";
				VALIDATE_PRODUCT = YES;
			};
			name = Release;
		};
		AB4571D7259B86F70079E9D6 /* Debug */ = {
			isa = XCBuildConfiguration;
			baseConfigurationReference = F251EF1822A4B35D83966BE3 /* Pods-loginWithFirebase.debug.xcconfig */;
			buildSettings = {
				ASSETCATALOG_COMPILER_APPICON_NAME = AppIcon;
				CODE_SIGN_STYLE = Automatic;
				DEVELOPMENT_TEAM = RHJPZ3UHAT;
				INFOPLIST_FILE = loginWithFirebase/Info.plist;
				LD_RUNPATH_SEARCH_PATHS = (
					"$(inherited)",
					"@executable_path/Frameworks",
				);
				PRODUCT_BUNDLE_IDENTIFIER = com.Escandell.loginWithFirebase;
				PRODUCT_NAME = "$(TARGET_NAME)";
				SWIFT_VERSION = 5.0;
				TARGETED_DEVICE_FAMILY = "1,2";
			};
			name = Debug;
		};
		AB4571D8259B86F70079E9D6 /* Release */ = {
			isa = XCBuildConfiguration;
			baseConfigurationReference = 5475FDC280AEA650B122299D /* Pods-loginWithFirebase.release.xcconfig */;
			buildSettings = {
				ASSETCATALOG_COMPILER_APPICON_NAME = AppIcon;
				CODE_SIGN_STYLE = Automatic;
				DEVELOPMENT_TEAM = RHJPZ3UHAT;
				INFOPLIST_FILE = loginWithFirebase/Info.plist;
				LD_RUNPATH_SEARCH_PATHS = (
					"$(inherited)",
					"@executable_path/Frameworks",
				);
				PRODUCT_BUNDLE_IDENTIFIER = com.Escandell.loginWithFirebase;
				PRODUCT_NAME = "$(TARGET_NAME)";
				SWIFT_VERSION = 5.0;
				TARGETED_DEVICE_FAMILY = "1,2";
			};
			name = Release;
		};
		AB4571DA259B86F70079E9D6 /* Debug */ = {
			isa = XCBuildConfiguration;
			baseConfigurationReference = 332CB744B7E244BABB1A8F5A /* Pods-loginWithFirebaseTests.debug.xcconfig */;
			buildSettings = {
				ALWAYS_EMBED_SWIFT_STANDARD_LIBRARIES = YES;
				BUNDLE_LOADER = "$(TEST_HOST)";
				CODE_SIGN_STYLE = Automatic;
				DEVELOPMENT_TEAM = RHJPZ3UHAT;
				INFOPLIST_FILE = loginWithFirebaseTests/Info.plist;
				IPHONEOS_DEPLOYMENT_TARGET = 13.2;
				LD_RUNPATH_SEARCH_PATHS = (
					"$(inherited)",
					"@executable_path/Frameworks",
					"@loader_path/Frameworks",
				);
				PRODUCT_BUNDLE_IDENTIFIER = com.Escandell.loginWithFirebaseTests;
				PRODUCT_NAME = "$(TARGET_NAME)";
				SWIFT_VERSION = 5.0;
				TARGETED_DEVICE_FAMILY = "1,2";
				TEST_HOST = "$(BUILT_PRODUCTS_DIR)/loginWithFirebase.app/loginWithFirebase";
			};
			name = Debug;
		};
		AB4571DB259B86F70079E9D6 /* Release */ = {
			isa = XCBuildConfiguration;
			baseConfigurationReference = 253A1E47A07791D8EFBACF58 /* Pods-loginWithFirebaseTests.release.xcconfig */;
			buildSettings = {
				ALWAYS_EMBED_SWIFT_STANDARD_LIBRARIES = YES;
				BUNDLE_LOADER = "$(TEST_HOST)";
				CODE_SIGN_STYLE = Automatic;
				DEVELOPMENT_TEAM = RHJPZ3UHAT;
				INFOPLIST_FILE = loginWithFirebaseTests/Info.plist;
				IPHONEOS_DEPLOYMENT_TARGET = 13.2;
				LD_RUNPATH_SEARCH_PATHS = (
					"$(inherited)",
					"@executable_path/Frameworks",
					"@loader_path/Frameworks",
				);
				PRODUCT_BUNDLE_IDENTIFIER = com.Escandell.loginWithFirebaseTests;
				PRODUCT_NAME = "$(TARGET_NAME)";
				SWIFT_VERSION = 5.0;
				TARGETED_DEVICE_FAMILY = "1,2";
				TEST_HOST = "$(BUILT_PRODUCTS_DIR)/loginWithFirebase.app/loginWithFirebase";
			};
			name = Release;
		};
		AB4571DD259B86F70079E9D6 /* Debug */ = {
			isa = XCBuildConfiguration;
			baseConfigurationReference = 344B1A75F4E553CF549BF795 /* Pods-loginWithFirebase-loginWithFirebaseUITests.debug.xcconfig */;
			buildSettings = {
				ALWAYS_EMBED_SWIFT_STANDARD_LIBRARIES = YES;
				CODE_SIGN_STYLE = Automatic;
				DEVELOPMENT_TEAM = RHJPZ3UHAT;
				INFOPLIST_FILE = loginWithFirebaseUITests/Info.plist;
				LD_RUNPATH_SEARCH_PATHS = (
					"$(inherited)",
					"@executable_path/Frameworks",
					"@loader_path/Frameworks",
				);
				PRODUCT_BUNDLE_IDENTIFIER = com.Escandell.loginWithFirebaseUITests;
				PRODUCT_NAME = "$(TARGET_NAME)";
				SWIFT_VERSION = 5.0;
				TARGETED_DEVICE_FAMILY = "1,2";
				TEST_TARGET_NAME = loginWithFirebase;
			};
			name = Debug;
		};
		AB4571DE259B86F70079E9D6 /* Release */ = {
			isa = XCBuildConfiguration;
			baseConfigurationReference = C67B91F904B0793013102487 /* Pods-loginWithFirebase-loginWithFirebaseUITests.release.xcconfig */;
			buildSettings = {
				ALWAYS_EMBED_SWIFT_STANDARD_LIBRARIES = YES;
				CODE_SIGN_STYLE = Automatic;
				DEVELOPMENT_TEAM = RHJPZ3UHAT;
				INFOPLIST_FILE = loginWithFirebaseUITests/Info.plist;
				LD_RUNPATH_SEARCH_PATHS = (
					"$(inherited)",
					"@executable_path/Frameworks",
					"@loader_path/Frameworks",
				);
				PRODUCT_BUNDLE_IDENTIFIER = com.Escandell.loginWithFirebaseUITests;
				PRODUCT_NAME = "$(TARGET_NAME)";
				SWIFT_VERSION = 5.0;
				TARGETED_DEVICE_FAMILY = "1,2";
				TEST_TARGET_NAME = loginWithFirebase;
			};
			name = Release;
		};
/* End XCBuildConfiguration section */

/* Begin XCConfigurationList section */
		AB4571A7259B86F10079E9D6 /* Build configuration list for PBXProject "loginWithFirebase" */ = {
			isa = XCConfigurationList;
			buildConfigurations = (
				AB4571D4259B86F70079E9D6 /* Debug */,
				AB4571D5259B86F70079E9D6 /* Release */,
			);
			defaultConfigurationIsVisible = 0;
			defaultConfigurationName = Release;
		};
		AB4571D6259B86F70079E9D6 /* Build configuration list for PBXNativeTarget "loginWithFirebase" */ = {
			isa = XCConfigurationList;
			buildConfigurations = (
				AB4571D7259B86F70079E9D6 /* Debug */,
				AB4571D8259B86F70079E9D6 /* Release */,
			);
			defaultConfigurationIsVisible = 0;
			defaultConfigurationName = Release;
		};
		AB4571D9259B86F70079E9D6 /* Build configuration list for PBXNativeTarget "loginWithFirebaseTests" */ = {
			isa = XCConfigurationList;
			buildConfigurations = (
				AB4571DA259B86F70079E9D6 /* Debug */,
				AB4571DB259B86F70079E9D6 /* Release */,
			);
			defaultConfigurationIsVisible = 0;
			defaultConfigurationName = Release;
		};
		AB4571DC259B86F70079E9D6 /* Build configuration list for PBXNativeTarget "loginWithFirebaseUITests" */ = {
			isa = XCConfigurationList;
			buildConfigurations = (
				AB4571DD259B86F70079E9D6 /* Debug */,
				AB4571DE259B86F70079E9D6 /* Release */,
			);
			defaultConfigurationIsVisible = 0;
			defaultConfigurationName = Release;
		};
/* End XCConfigurationList section */
	};
	rootObject = AB4571A4259B86F10079E9D6 /* Project object */;
}
